
Microsoft Visual Studio Solution File, Format Version 12.00
# Visual Studio Version 16
VisualStudioVersion = 16.0.28803.202
MinimumVisualStudioVersion = 10.0.40219.1
Project("{FAE04EC0-301F-11D3-BF4B-00C04F79EFBC}") = "AgileManifestoWidget", "AgileManifestoWidget\AgileManifestoWidget.csproj", "{F19B92A1-5D7C-40BC-BFB5-5F15C1CFFD81}"
EndProject
Project("{2150E333-8FDC-42A3-9474-1A3956D46DE8}") = "Solution Items", "Solution Items", "{071ACA5A-FC9B-4E6F-BD09-30A4A4C68583}"
	ProjectSection(SolutionItems) = preProject
		..\.bettercodehub.yml = ..\.bettercodehub.yml
		..\.codebeatignore = ..\.codebeatignore
		..\.gitattributes = ..\.gitattributes
		..\.gitignore = ..\.gitignore
		..\.hound.yml = ..\.hound.yml
		..\.rocro.yml = ..\.rocro.yml
		..\_config.yml = ..\_config.yml
		..\appveyor.yml = ..\appveyor.yml
		..\azure-pipelines.yml = ..\azure-pipelines.yml
		..\CHANGELOG.md = ..\CHANGELOG.md
		..\lgtm.yml = ..\lgtm.yml
		..\LICENSE = ..\LICENSE
		..\README.md = ..\README.md
		..\renovate.json = ..\renovate.json
		TODO.txt = TODO.txt
	EndProjectSection
EndProject
Global
	GlobalSection(SolutionConfigurationPlatforms) = preSolution
		Debug|Any CPU = Debug|Any CPU
		Release|Any CPU = Release|Any CPU
	EndGlobalSection
	GlobalSection(ProjectConfigurationPlatforms) = postSolution
		{F19B92A1-5D7C-40BC-BFB5-5F15C1CFFD81}.Debug|Any CPU.ActiveCfg = Debug|Any CPU
		{F19B92A1-5D7C-40BC-BFB5-5F15C1CFFD81}.Debug|Any CPU.Build.0 = Debug|Any CPU
		{F19B92A1-5D7C-40BC-BFB5-5F15C1CFFD81}.Release|Any CPU.ActiveCfg = Release|Any CPU
		{F19B92A1-5D7C-40BC-BFB5-5F15C1CFFD81}.Release|Any CPU.Build.0 = Release|Any CPU
	EndGlobalSection
	GlobalSection(SolutionProperties) = preSolution
		HideSolutionNode = FALSE
	EndGlobalSection
	GlobalSection(ExtensibilityGlobals) = postSolution
		SolutionGuid = {C948D2CD-E9F7-42C7-8525-2B4A343F543E}
	EndGlobalSection
EndGlobal
